// !$*UTF8*$!
{
	archiveVersion = 1;
	classes = {
	};
	objectVersion = 56;
	objects = {

/* Begin PBXBuildFile section */
		B2A000000000000000000101 /* JitterJuiceApp.swift in Sources */ = {isa = PBXBuildFile; fileRef = B2A000000000000000000201 /* JitterJuiceApp.swift */; };
		B2A000000000000000000102 /* MenuContentView.swift in Sources */ = {isa = PBXBuildFile; fileRef = B2A000000000000000000202 /* MenuContentView.swift */; };
		B2A000000000000000000103 /* AppModel.swift in Sources */ = {isa = PBXBuildFile; fileRef = B2A000000000000000000203 /* AppModel.swift */; };
		B2A000000000000000000104 /* MouseJiggler.swift in Sources */ = {isa = PBXBuildFile; fileRef = B2A000000000000000000204 /* MouseJiggler.swift */; };
		B2A000000000000000000105 /* PowerAssertionHolder.swift in Sources */ = {isa = PBXBuildFile; fileRef = B2A000000000000000000205 /* PowerAssertionHolder.swift */; };
		B2A000000000000000000106 /* AccessibilityPrompt.swift in Sources */ = {isa = PBXBuildFile; fileRef = B2A000000000000000000206 /* AccessibilityPrompt.swift */; };
		B2A000000000000000000107 /* Assets.xcassets in Resources */ = {isa = PBXBuildFile; fileRef = B2A000000000000000000207 /* Assets.xcassets */; };
		B2A000000000000000000108 /* PressStart2P-Regular.ttf in Resources */ = {isa = PBXBuildFile; fileRef = B2A000000000000000000208 /* PressStart2P-Regular.ttf */; };
		B2A000000000000000000109 /* PixelTheme.swift in Sources */ = {isa = PBXBuildFile; fileRef = B2A000000000000000000209 /* PixelTheme.swift */; };
		B2A00000000000000000010A /* AppTheme.swift in Sources */ = {isa = PBXBuildFile; fileRef = B2A00000000000000000020A /* AppTheme.swift */; };
		B2A00000000000000000010B /* ThemeColorUtils.swift in Sources */ = {isa = PBXBuildFile; fileRef = B2A00000000000000000020B /* ThemeColorUtils.swift */; };
/* End PBXBuildFile section */

/* Begin PBXFileReference section */
		B2A000000000000000000301 /* JitterJuice.app */ = {isa = PBXFileReference; explicitFileType = wrapper.application; includeInIndex = 0; path = JitterJuice.app; sourceTree = BUILT_PRODUCTS_DIR; };
		B2A000000000000000000201 /* JitterJuiceApp.swift */ = {isa = PBXFileReference; lastKnownFileType = sourcecode.swift; path = JitterJuiceApp.swift; sourceTree = "<group>"; };
		B2A000000000000000000202 /* MenuContentView.swift */ = {isa = PBXFileReference; lastKnownFileType = sourcecode.swift; path = MenuContentView.swift; sourceTree = "<group>"; };
		B2A000000000000000000203 /* AppModel.swift */ = {isa = PBXFileReference; lastKnownFileType = sourcecode.swift; path = AppModel.swift; sourceTree = "<group>"; };
		B2A000000000000000000204 /* MouseJiggler.swift */ = {isa = PBXFileReference; lastKnownFileType = sourcecode.swift; path = MouseJiggler.swift; sourceTree = "<group>"; };
		B2A000000000000000000205 /* PowerAssertionHolder.swift */ = {isa = PBXFileReference; lastKnownFileType = sourcecode.swift; path = PowerAssertionHolder.swift; sourceTree = "<group>"; };
		B2A000000000000000000206 /* AccessibilityPrompt.swift */ = {isa = PBXFileReference; lastKnownFileType = sourcecode.swift; path = AccessibilityPrompt.swift; sourceTree = "<group>"; };
		B2A000000000000000000207 /* Assets.xcassets */ = {isa = PBXFileReference; lastKnownFileType = folder.assetcatalog; path = Assets.xcassets; sourceTree = "<group>"; };
		B2A000000000000000000208 /* PressStart2P-Regular.ttf */ = {isa = PBXFileReference; lastKnownFileType = file; path = "PressStart2P-Regular.ttf"; sourceTree = "<group>"; };
		B2A000000000000000000209 /* PixelTheme.swift */ = {isa = PBXFileReference; lastKnownFileType = sourcecode.swift; path = PixelTheme.swift; sourceTree = "<group>"; };
		B2A00000000000000000020A /* AppTheme.swift */ = {isa = PBXFileReference; lastKnownFileType = sourcecode.swift; path = AppTheme.swift; sourceTree = "<group>"; };
		B2A00000000000000000020B /* ThemeColorUtils.swift */ = {isa = PBXFileReference; lastKnownFileType = sourcecode.swift; path = ThemeColorUtils.swift; sourceTree = "<group>"; };
/* End PBXFileReference section */

/* Begin PBXFrameworksBuildPhase section */
		B2A000000000000000000401 /* Frameworks */ = {
			isa = PBXFrameworksBuildPhase;
			buildActionMask = 2147483647;
			files = (
			);
			runOnlyForDeploymentPostprocessing = 0;
		};
/* End PBXFrameworksBuildPhase section */

/* Begin PBXGroup section */
		B2A000000000000000000501 = {
			isa = PBXGroup;
			children = (
				B2A000000000000000000502 /* JitterJuice */,
				B2A000000000000000000503 /* Products */,
			);
			sourceTree = "<group>";
		};
		B2A000000000000000000502 /* JitterJuice */ = {
			isa = PBXGroup;
			children = (
				B2A000000000000000000201 /* JitterJuiceApp.swift */,
				B2A000000000000000000202 /* MenuContentView.swift */,
				B2A000000000000000000203 /* AppModel.swift */,
				B2A00000000000000000020A /* AppTheme.swift */,
				B2A00000000000000000020B /* ThemeColorUtils.swift */,
				B2A000000000000000000204 /* MouseJiggler.swift */,
				B2A000000000000000000205 /* PowerAssertionHolder.swift */,
				B2A000000000000000000206 /* AccessibilityPrompt.swift */,
				B2A000000000000000000209 /* PixelTheme.swift */,
				B2A000000000000000000207 /* Assets.xcassets */,
				B2A000000000000000000208 /* PressStart2P-Regular.ttf */,
			);
			path = JitterJuice;
			sourceTree = "<group>";
		};
		B2A000000000000000000503 /* Products */ = {
			isa = PBXGroup;
			children = (
				B2A000000000000000000301 /* JitterJuice.app */,
			);
			name = Products;
			sourceTree = "<group>";
		};
/* End PBXGroup section */

/* Begin PBXNativeTarget section */
		B2A000000000000000000601 /* JitterJuice */ = {
			isa = PBXNativeTarget;
			buildConfigurationList = B2A000000000000000000902 /* Build configuration list for PBXNativeTarget "JitterJuice" */;
			buildPhases = (
				B2A000000000000000000701 /* Sources */,
				B2A000000000000000000401 /* Frameworks */,
				B2A000000000000000000801 /* Resources */,
			);
			buildRules = (
			);
			dependencies = (
			);
			name = JitterJuice;
			productName = JitterJuice;
			productReference = B2A000000000000000000301 /* JitterJuice.app */;
			productType = "com.apple.product-type.application";
		};
/* End PBXNativeTarget section */

/* Begin PBXProject section */
		B2A000000000000000000A01 /* Project object */ = {
			isa = PBXProject;
			attributes = {
				BuildIndependentTargetsInParallel = 1;
				LastSwiftUpdateCheck = 1500;
				LastUpgradeCheck = 1500;
				TargetAttributes = {
					B2A000000000000000000601 = {
						CreatedOnToolsVersion = 15.0;
					};
				};
			};
			buildConfigurationList = B2A000000000000000000901 /* Build configuration list for PBXProject "JitterJuice" */;
			compatibilityVersion = "Xcode 14.0";
			developmentRegion = en;
			hasScannedForEncodings = 0;
			knownRegions = (
				en,
				Base,
			);
			mainGroup = B2A000000000000000000501;
			productRefGroup = B2A000000000000000000503 /* Products */;
			projectDirPath = "";
			projectRoot = "";
			targets = (
				B2A000000000000000000601 /* JitterJuice */,
			);
		};
/* End PBXProject section */

/* Begin PBXResourcesBuildPhase section */
		B2A000000000000000000801 /* Resources */ = {
			isa = PBXResourcesBuildPhase;
			buildActionMask = 2147483647;
			files = (
				B2A000000000000000000107 /* Assets.xcassets in Resources */,
				B2A000000000000000000108 /* PressStart2P-Regular.ttf in Resources */,
			);
			runOnlyForDeploymentPostprocessing = 0;
		};
/* End PBXResourcesBuildPhase section */

/* Begin PBXSourcesBuildPhase section */
		B2A000000000000000000701 /* Sources */ = {
			isa = PBXSourcesBuildPhase;
			buildActionMask = 2147483647;
			files = (
				B2A000000000000000000101 /* JitterJuiceApp.swift in Sources */,
				B2A000000000000000000102 /* MenuContentView.swift in Sources */,
				B2A000000000000000000103 /* AppModel.swift in Sources */,
				B2A000000000000000000104 /* MouseJiggler.swift in Sources */,
				B2A000000000000000000105 /* PowerAssertionHolder.swift in Sources */,
				B2A000000000000000000106 /* AccessibilityPrompt.swift in Sources */,
				B2A000000000000000000109 /* PixelTheme.swift in Sources */,
				B2A00000000000000000010A /* AppTheme.swift in Sources */,
				B2A00000000000000000010B /* ThemeColorUtils.swift in Sources */,
			);
			runOnlyForDeploymentPostprocessing = 0;
		};
/* End PBXSourcesBuildPhase section */

/* Begin XCBuildConfiguration section */
		B2A000000000000000000B01 /* Debug */ = {
			isa = XCBuildConfiguration;
			buildSettings = {
				ALWAYS_SEARCH_USER_PATHS = NO;
				ASSETCATALOG_COMPILER_GENERATE_SWIFT_ASSET_SYMBOL_EXTENSIONS = YES;
				CLANG_ANALYZER_NONNULL = YES;
				CLANG_ANALYZER_NUMBER_OBJECT_CONVERSION = YES_AGGRESSIVE;
				CLANG_CXX_LANGUAGE_STANDARD = "gnu++20";
				CLANG_ENABLE_MODULES = YES;
				CLANG_ENABLE_OBJC_ARC = YES;
				CLANG_ENABLE_OBJC_WEAK = YES;
				CLANG_WARN_BLOCK_CAPTURE_AUTORELEASING = YES;
				CLANG_WARN_BOOL_CONVERSION = YES;
				CLANG_WARN_COMMA = YES;
				CLANG_WARN_CONSTANT_CONVERSION = YES;
				CLANG_WARN_DEPRECATED_OBJC_IMPLEMENTATIONS = YES;
				CLANG_WARN_DIRECT_OBJC_ISA_USAGE = YES_ERROR;
				CLANG_WARN_DOCUMENTATION_COMMENTS = YES;
				CLANG_WARN_EMPTY_BODY = YES;
				CLANG_WARN_ENUM_CONVERSION = YES;
				CLANG_WARN_INFINITE_RECURSION = YES;
				CLANG_WARN_INT_CONVERSION = YES;
				CLANG_WARN_NON_LITERAL_NULL_CONVERSION = YES;
				CLANG_WARN_OBJC_IMPLICIT_RETAIN_SELF = YES;
				CLANG_WARN_OBJC_LITERAL_CONVERSION = YES;
				CLANG_WARN_OBJC_ROOT_CLASS = YES_ERROR;
				CLANG_WARN_QUOTED_INCLUDE_IN_FRAMEWORK_HEADER = YES;
				CLANG_WARN_RANGE_LOOP_ANALYSIS = YES;
				CLANG_WARN_STRICT_PROTOTYPES = YES;
				CLANG_WARN_SUSPICIOUS_MOVE = YES;
				CLANG_WARN_UNGUARDED_AVAILABILITY = YES_AGGRESSIVE;
				CLANG_WARN_UNREACHABLE_CODE = YES;
				CLANG_WARN__DUPLICATE_METHOD_MATCH = YES;
				COPY_PHASE_STRIP = NO;
				DEBUG_INFORMATION_FORMAT = dwarf;
				ENABLE_STRICT_OBJC_MSGSEND = YES;
				ENABLE_TESTABILITY = YES;
				ENABLE_USER_SCRIPT_SANDBOXING = YES;
				GCC_C_LANGUAGE_STANDARD = gnu17;
				GCC_DYNAMIC_NO_PIC = NO;
				GCC_NO_COMMON_BLOCKS = YES;
				GCC_OPTIMIZATION_LEVEL = 0;
				GCC_PREPROCESSOR_DEFINITIONS = (
					"DEBUG=1",
					"$(inherited)",
				);
				GCC_WARN_64_TO_32_BIT_CONVERSION = YES;
				GCC_WARN_ABOUT_RETURN_TYPE = YES_ERROR;
				GCC_WARN_UNDECLARED_SELECTOR = YES;
				GCC_WARN_UNINITIALIZED_AUTOS = YES_AGGRESSIVE;
				GCC_WARN_UNUSED_FUNCTION = YES;
				GCC_WARN_UNUSED_VARIABLE = YES;
				LOCALIZATION_PREFERS_STRING_CATALOGS = YES;
				MACOSX_DEPLOYMENT_TARGET = 13.0;
				MTL_ENABLE_DEBUG_INFO = INCLUDE_SOURCE;
				MTL_FAST_MATH = YES;
				ONLY_ACTIVE_ARCH = YES;
				SDKROOT = macosx;
				SWIFT_ACTIVE_COMPILATION_CONDITIONS = "DEBUG $(inherited)";
				SWIFT_OPTIMIZATION_LEVEL = "-Onone";
			};
			name = Debug;
		};
		B2A000000000000000000B02 /* Release */ = {
			isa = XCBuildConfiguration;
			buildSettings = {
				ALWAYS_SEARCH_USER_PATHS = NO;
				ASSETCATALOG_COMPILER_GENERATE_SWIFT_ASSET_SYMBOL_EXTENSIONS = YES;
				CLANG_ANALYZER_NONNULL = YES;
				CLANG_ANALYZER_NUMBER_OBJECT_CONVERSION = YES_AGGRESSIVE;
				CLANG_CXX_LANGUAGE_STANDARD = "gnu++20";
				CLANG_ENABLE_MODULES = YES;
				CLANG_ENABLE_OBJC_ARC = YES;
				CLANG_ENABLE_OBJC_WEAK = YES;
				CLANG_WARN_BLOCK_CAPTURE_AUTORELEASING = YES;
				CLANG_WARN_BOOL_CONVERSION = YES;
				CLANG_WARN_COMMA = YES;
				CLANG_WARN_CONSTANT_CONVERSION = YES;
				CLANG_WARN_DEPRECATED_OBJC_IMPLEMENTATIONS = YES;
				CLANG_WARN_DIRECT_OBJC_ISA_USAGE = YES_ERROR;
				CLANG_WARN_DOCUMENTATION_COMMENTS = YES;
				CLANG_WARN_EMPTY_BODY = YES;
				CLANG_WARN_ENUM_CONVERSION = YES;
				CLANG_WARN_INFINITE_RECURSION = YES;
				CLANG_WARN_INT_CONVERSION = YES;
				CLANG_WARN_NON_LITERAL_NULL_CONVERSION = YES;
				CLANG_WARN_OBJC_IMPLICIT_RETAIN_SELF = YES;
				CLANG_WARN_OBJC_LITERAL_CONVERSION = YES;
				CLANG_WARN_OBJC_ROOT_CLASS = YES_ERROR;
				CLANG_WARN_QUOTED_INCLUDE_IN_FRAMEWORK_HEADER = YES;
				CLANG_WARN_RANGE_LOOP_ANALYSIS = YES;
				CLANG_WARN_STRICT_PROTOTYPES = YES;
				CLANG_WARN_SUSPICIOUS_MOVE = YES;
				CLANG_WARN_UNGUARDED_AVAILABILITY = YES_AGGRESSIVE;
				CLANG_WARN_UNREACHABLE_CODE = YES;
				CLANG_WARN__DUPLICATE_METHOD_MATCH = YES;
				COPY_PHASE_STRIP = NO;
				DEBUG_INFORMATION_FORMAT = "dwarf-with-dsym";
				ENABLE_NS_ASSERTIONS = NO;
				ENABLE_STRICT_OBJC_MSGSEND = YES;
				ENABLE_USER_SCRIPT_SANDBOXING = YES;
				GCC_C_LANGUAGE_STANDARD = gnu17;
				GCC_NO_COMMON_BLOCKS = YES;
				GCC_WARN_64_TO_32_BIT_CONVERSION = YES;
				GCC_WARN_ABOUT_RETURN_TYPE = YES_ERROR;
				GCC_WARN_UNDECLARED_SELECTOR = YES;
				GCC_WARN_UNINITIALIZED_AUTOS = YES_AGGRESSIVE;
				GCC_WARN_UNUSED_FUNCTION = YES;
				GCC_WARN_UNUSED_VARIABLE = YES;
				LOCALIZATION_PREFERS_STRING_CATALOGS = YES;
				MACOSX_DEPLOYMENT_TARGET = 13.0;
				MTL_ENABLE_DEBUG_INFO = NO;
				MTL_FAST_MATH = YES;
				SDKROOT = macosx;
				SWIFT_COMPILATION_MODE = wholemodule;
			};
			name = Release;
		};
		B2A000000000000000000B03 /* Debug */ = {
			isa = XCBuildConfiguration;
			buildSettings = {
				ASSETCATALOG_COMPILER_APPICON_NAME = AppIcon;
				ASSETCATALOG_COMPILER_GLOBAL_ACCENT_COLOR_NAME = AccentColor;
				CODE_SIGN_STYLE = Automatic;
				COMBINE_HIDPI_IMAGES = YES;
				CURRENT_PROJECT_VERSION = 3;
				DEVELOPMENT_TEAM = "";
				ENABLE_APP_SANDBOX = NO;
				ENABLE_HARDENED_RUNTIME = YES;
				GENERATE_INFOPLIST_FILE = YES;
				INFOPLIST_KEY_LSUIElement = YES;
				INFOPLIST_KEY_NSAccessibilityUsageDescription = "JitterJuice needs Accessibility permission to move the cursor slightly and keep your status active.";
				INFOPLIST_KEY_NSHumanReadableCopyright = "";
				LD_RUNPATH_SEARCH_PATHS = (
					"$(inherited)",
					"@executable_path/../Frameworks",
				);
				MARKETING_VERSION = 1.1.1;
				PRODUCT_BUNDLE_IDENTIFIER = com.jitterjuice.JitterJuice;
				PRODUCT_NAME = "$(TARGET_NAME)";
				SWIFT_EMIT_LOC_STRINGS = YES;
				SWIFT_VERSION = 5.0;
			};
			name = Debug;
		};
		B2A000000000000000000B04 /* Release */ = {
			isa = XCBuildConfiguration;
			buildSettings = {
				ASSETCATALOG_COMPILER_APPICON_NAME = AppIcon;
				ASSETCATALOG_COMPILER_GLOBAL_ACCENT_COLOR_NAME = AccentColor;
				CODE_SIGN_STYLE = Automatic;
				COMBINE_HIDPI_IMAGES = YES;
				CURRENT_PROJECT_VERSION = 3;
				DEVELOPMENT_TEAM = "";
				ENABLE_APP_SANDBOX = NO;
				ENABLE_HARDENED_RUNTIME = YES;
				GENERATE_INFOPLIST_FILE = YES;
				INFOPLIST_KEY_LSUIElement = YES;
				INFOPLIST_KEY_NSAccessibilityUsageDescription = "JitterJuice needs Accessibility permission to move the cursor slightly and keep your status active.";
				INFOPLIST_KEY_NSHumanReadableCopyright = "";
				LD_RUNPATH_SEARCH_PATHS = (
					"$(inherited)",
					"@executable_path/../Frameworks",
				);
				MARKETING_VERSION = 1.1.1;
				PRODUCT_BUNDLE_IDENTIFIER = com.jitterjuice.JitterJuice;
				PRODUCT_NAME = "$(TARGET_NAME)";
				SWIFT_EMIT_LOC_STRINGS = YES;
				SWIFT_VERSION = 5.0;
			};
			name = Release;
		};
/* End XCBuildConfiguration section */

/* Begin XCConfigurationList section */
		B2A000000000000000000901 /* Build configuration list for PBXProject "JitterJuice" */ = {
			isa = XCConfigurationList;
			buildConfigurations = (
				B2A000000000000000000B01 /* Debug */,
				B2A000000000000000000B02 /* Release */,
			);
			defaultConfigurationIsVisible = 0;
			defaultConfigurationName = Release;
		};
		B2A000000000000000000902 /* Build configuration list for PBXNativeTarget "JitterJuice" */ = {
			isa = XCConfigurationList;
			buildConfigurations = (
				B2A000000000000000000B03 /* Debug */,
				B2A000000000000000000B04 /* Release */,
			);
			defaultConfigurationIsVisible = 0;
			defaultConfigurationName = Release;
		};
/* End XCConfigurationList section */
	};
	rootObject = B2A000000000000000000A01 /* Project object */;
}
